
Microsoft Visual Studio Solution File, Format Version 12.00
# Visual Studio Version 17
VisualStudioVersion = 17.6.33829.357
MinimumVisualStudioVersion = 10.0.40219.1
Project("{FAE04EC0-301F-11D3-BF4B-00C04F79EFBC}") = "Pregunta5", "Pregunta5\Pregunta5.csproj", "{C42A99F4-A95C-470A-81CD-39C012D444CE}"
EndProject
Global
	GlobalSection(SolutionConfigurationPlatforms) = preSolution
		Debug|Any CPU = Debug|Any CPU
		Release|Any CPU = Release|Any CPU
	EndGlobalSection
	GlobalSection(ProjectConfigurationPlatforms) = postSolution
		{C42A99F4-A95C-470A-81CD-39C012D444CE}.Debug|Any CPU.ActiveCfg = Debug|Any CPU
		{C42A99F4-A95C-470A-81CD-39C012D444CE}.Debug|Any CPU.Build.0 = Debug|Any CPU
		{C42A99F4-A95C-470A-81CD-39C012D444CE}.Release|Any CPU.ActiveCfg = Release|Any CPU
		{C42A99F4-A95C-470A-81CD-39C012D444CE}.Release|Any CPU.Build.0 = Release|Any CPU
	EndGlobalSection
	GlobalSection(SolutionProperties) = preSolution
		HideSolutionNode = FALSE
	EndGlobalSection
	GlobalSection(ExtensibilityGlobals) = postSolution
		SolutionGuid = {16220083-ED74-4EF4-AC93-5205B57A35D0}
	EndGlobalSection
EndGlobal
